github.com/google/jsonschema-go v0.2.3 h1:dkP3B96OtZKKFvdrUSaDkL+YDx8Uw9uC4Y+eukpCnmM=
github.com/google/jsonschema-go v0.2.3/go.mod h1:r5quNTdLOYEz95Ru18zA0ydNbBuYoo9tgaYcxEYhJVE=
github.com/joho/godotenv v1.5.1 h1:7eLL/+HRGLY0ldzfGMeQkb7vMd0as4CfYvUVzLqw0N0=
github.com/joho/godotenv v1.5.1/go.mod h1:f4LDr5Voq0i2e/R5DDNOoa2zzDfwtkZa6DnEwAbqwq4=
